Microsoft Visual Studio Solution File, Format Version 12.00
# Visual Studio Version 17
VisualStudioVersion = 17.5.2.0
MinimumVisualStudioVersion = 10.0.40219.1
Project("{2150E333-8FDC-42A3-9474-1A3956D46DE8}") = "Tools", "Tools", "{07C2787E-EAC7-C090-1BA3-A61EC2A24D84}"
EndProject
Project("{FAE04EC0-301F-11D3-BF4B-00C04F79EFBC}") = "FoxIDs.ConvertCertificateTool", "Tools\FoxIDs.ConvertCertificateTool\FoxIDs.ConvertCertificateTool.csproj", "{2046E46E-ECDA-91E7-3807-17CF8AFDB624}"
EndProject
Project("{FAE04EC0-301F-11D3-BF4B-00C04F79EFBC}") = "FoxIDs.PGMigrator", "Tools\FoxIDs.PGMigrator\FoxIDs.PGMigrator.csproj", "{68035CA4-BB00-154A-F5BE-ACD37ABEF955}"
EndProject
Global
	GlobalSection(SolutionConfigurationPlatforms) = preSolution
		Debug|Any CPU = Debug|Any CPU
		Release|Any CPU = Release|Any CPU
	EndGlobalSection
	GlobalSection(ProjectConfigurationPlatforms) = postSolution
		{2046E46E-ECDA-91E7-3807-17CF8AFDB624}.Debug|Any CPU.ActiveCfg = Debug|Any CPU
		{2046E46E-ECDA-91E7-3807-17CF8AFDB624}.Debug|Any CPU.Build.0 = Debug|Any CPU
		{2046E46E-ECDA-91E7-3807-17CF8AFDB624}.Release|Any CPU.ActiveCfg = Release|Any CPU
		{2046E46E-ECDA-91E7-3807-17CF8AFDB624}.Release|Any CPU.Build.0 = Release|Any CPU
		{68035CA4-BB00-154A-F5BE-ACD37ABEF955}.Debug|Any CPU.ActiveCfg = Debug|Any CPU
		{68035CA4-BB00-154A-F5BE-ACD37ABEF955}.Debug|Any CPU.Build.0 = Debug|Any CPU
		{68035CA4-BB00-154A-F5BE-ACD37ABEF955}.Release|Any CPU.ActiveCfg = Release|Any CPU
		{68035CA4-BB00-154A-F5BE-ACD37ABEF955}.Release|Any CPU.Build.0 = Release|Any CPU
	EndGlobalSection
	GlobalSection(SolutionProperties) = preSolution
		HideSolutionNode = FALSE
	EndGlobalSection
	GlobalSection(NestedProjects) = preSolution
		{2046E46E-ECDA-91E7-3807-17CF8AFDB624} = {07C2787E-EAC7-C090-1BA3-A61EC2A24D84}
		{68035CA4-BB00-154A-F5BE-ACD37ABEF955} = {07C2787E-EAC7-C090-1BA3-A61EC2A24D84}
	EndGlobalSection
	GlobalSection(ExtensibilityGlobals) = postSolution
		SolutionGuid = {751ED9D6-B17D-4CA6-806F-C1313A2C8A35}
	EndGlobalSection
EndGlobal
